
Microsoft Visual Studio Solution File, Format Version 12.00
# Visual Studio Version 17
VisualStudioVersion = 17.11.35219.272
MinimumVisualStudioVersion = 10.0.40219.1
Project("{9A19103F-16F7-4668-BE54-9A1E7A4F7556}") = "Mahalo.Back", "Mahalo.Back\Mahalo.Back.csproj", "{143B1A40-B8F8-4011-B441-F90151218869}"
EndProject
Project("{9A19103F-16F7-4668-BE54-9A1E7A4F7556}") = "Mahalo.Shared", "Mahalo.Shared\Mahalo.Shared.csproj", "{8107A6F1-5C5E-481C-BEDB-C3528F8FEE7F}"
EndProject
Project("{FAE04EC0-301F-11D3-BF4B-00C04F79EFBC}") = "Mahalo.Test", "Mahalo.Test\Mahalo.Test.csproj", "{3CA8D0A6-3DC5-4AE4-A157-9A664C39FD1D}"
EndProject
Global
	GlobalSection(SolutionConfigurationPlatforms) = preSolution
		Debug|Any CPU = Debug|Any CPU
		Release|Any CPU = Release|Any CPU
	EndGlobalSection
	GlobalSection(ProjectConfigurationPlatforms) = postSolution
		{143B1A40-B8F8-4011-B441-F90151218869}.Debug|Any CPU.ActiveCfg = Debug|Any CPU
		{143B1A40-B8F8-4011-B441-F90151218869}.Debug|Any CPU.Build.0 = Debug|Any CPU
		{143B1A40-B8F8-4011-B441-F90151218869}.Release|Any CPU.ActiveCfg = Release|Any CPU
		{143B1A40-B8F8-4011-B441-F90151218869}.Release|Any CPU.Build.0 = Release|Any CPU
		{8107A6F1-5C5E-481C-BEDB-C3528F8FEE7F}.Debug|Any CPU.ActiveCfg = Debug|Any CPU
		{8107A6F1-5C5E-481C-BEDB-C3528F8FEE7F}.Release|Any CPU.ActiveCfg = Release|Any CPU
		{8107A6F1-5C5E-481C-BEDB-C3528F8FEE7F}.Release|Any CPU.Build.0 = Release|Any CPU
		{3CA8D0A6-3DC5-4AE4-A157-9A664C39FD1D}.Debug|Any CPU.ActiveCfg = Debug|Any CPU
		{3CA8D0A6-3DC5-4AE4-A157-9A664C39FD1D}.Debug|Any CPU.Build.0 = Debug|Any CPU
		{3CA8D0A6-3DC5-4AE4-A157-9A664C39FD1D}.Release|Any CPU.ActiveCfg = Release|Any CPU
		{3CA8D0A6-3DC5-4AE4-A157-9A664C39FD1D}.Release|Any CPU.Build.0 = Release|Any CPU
	EndGlobalSection
	GlobalSection(SolutionProperties) = preSolution
		HideSolutionNode = FALSE
	EndGlobalSection
	GlobalSection(ExtensibilityGlobals) = postSolution
		SolutionGuid = {C7C7AA6D-C2C3-46D5-8253-6BF0C2999113}
	EndGlobalSection
EndGlobal
